lockfileVersion: '9.0'

settings:
  autoInstallPeers: true
  excludeLinksFromLockfile: false

importers:

  .:
    dependencies:
      '@inquirer/prompts':
        specifier: ^3.3.0
        version: 3.3.2
      commander:
        specifier: ^11.0.0
        version: 11.1.0
      handlebars:
        specifier: ^4.7.8
        version: 4.7.8
      just-kebab-case:
        specifier: ^4.2.0
        version: 4.2.0
      kleur:
        specifier: ^4.1.5
        version: 4.1.5
      loogu:
        specifier: ^0.4.0
        version: 0.4.0
      prettier:
        specifier: ^3.3.0
        version: 3.3.0
      progress:
        specifier: ^2.0.3
        version: 2.0.3
      semver:
        specifier: ^7.6.2
        version: 7.6.2
      which-pm-runs:
        specifier: ^1.1.0
        version: 1.1.0
    devDependencies:
      '@biomejs/biome':
        specifier: ^2.3.5
        version: 2.3.5
      '@types/semver':
        specifier: ^7.7.0
        version: 7.7.0
      tsdown:
        specifier: ^0.14.1
        version: 0.14.1(typescript@5.9.2)
      typescript:
        specifier: ^5.9.2
        version: 5.9.2

packages:

  '@babel/generator@7.28.3':
    resolution: {integrity: sha512-3lSpxGgvnmZznmBkCRnVREPUFJv2wrv9iAoFDvADJc0ypmdOxdUtcLeBgBJ6zE0PMeTKnxeQzyk0xTBq4Ep7zw==}
    engines: {node: '>=6.9.0'}

  '@babel/helper-string-parser@7.27.1':
    resolution: {integrity: sha512-qMlSxKbpRlAridDExk92nSobyDdpPijUq2DW6oDnUqd0iOGxmQjyqhMIihI9+zv4LPyZdRje2cavWPbCbWm3eA==}
    engines: {node: '>=6.9.0'}

  '@babel/helper-validator-identifier@7.27.1':
    resolution: {integrity: sha512-D2hP9eA+Sqx1kBZgzxZh0y1trbuU+JoDkiEwqhQ36nodYqJwyEIhPSdMNd7lOm/4io72luTPWH20Yda0xOuUow==}
    engines: {node: '>=6.9.0'}

  '@babel/parser@7.28.3':
    resolution: {integrity: sha512-7+Ey1mAgYqFAx2h0RuoxcQT5+MlG3GTV0TQrgr7/ZliKsm/MNDxVVutlWaziMq7wJNAz8MTqz55XLpWvva6StA==}
    engines: {node: '>=6.0.0'}
    hasBin: true

  '@babel/types@7.28.2':
    resolution: {integrity: sha512-ruv7Ae4J5dUYULmeXw1gmb7rYRz57OWCPM57pHojnLq/3Z1CK2lNSLTCVjxVk1F/TZHwOZZrOWi0ur95BbLxNQ==}
    engines: {node: '>=6.9.0'}

  '@biomejs/biome@2.3.5':
    resolution: {integrity: sha512-HvLhNlIlBIbAV77VysRIBEwp55oM/QAjQEin74QQX9Xb259/XP/D5AGGnZMOyF1el4zcvlNYYR3AyTMUV3ILhg==}
    engines: {node: '>=14.21.3'}
    hasBin: true

  '@biomejs/cli-darwin-arm64@2.3.5':
    resolution: {integrity: sha512-fLdTur8cJU33HxHUUsii3GLx/TR0BsfQx8FkeqIiW33cGMtUD56fAtrh+2Fx1uhiCsVZlFh6iLKUU3pniZREQw==}
    engines: {node: '>=14.21.3'}
    cpu: [arm64]
    os: [darwin]

  '@biomejs/cli-darwin-x64@2.3.5':
    resolution: {integrity: sha512-qpT8XDqeUlzrOW8zb4k3tjhT7rmvVRumhi2657I2aGcY4B+Ft5fNwDdZGACzn8zj7/K1fdWjgwYE3i2mSZ+vOA==}
    engines: {node: '>=14.21.3'}
    cpu: [x64]
    os: [darwin]

  '@biomejs/cli-linux-arm64-musl@2.3.5':
    resolution: {integrity: sha512-eGUG7+hcLgGnMNl1KHVZUYxahYAhC462jF/wQolqu4qso2MSk32Q+QrpN7eN4jAHAg7FUMIo897muIhK4hXhqg==}
    engines: {node: '>=14.21.3'}
    cpu: [arm64]
    os: [linux]

  '@biomejs/cli-linux-arm64@2.3.5':
    resolution: {integrity: sha512-u/pybjTBPGBHB66ku4pK1gj+Dxgx7/+Z0jAriZISPX1ocTO8aHh8x8e7Kb1rB4Ms0nA/SzjtNOVJ4exVavQBCw==}
    engines: {node: '>=14.21.3'}
    cpu: [arm64]
    os: [linux]

  '@biomejs/cli-linux-x64-musl@2.3.5':
    resolution: {integrity: sha512-awVuycTPpVTH/+WDVnEEYSf6nbCBHf/4wB3lquwT7puhNg8R4XvonWNZzUsfHZrCkjkLhFH/vCZK5jHatD9FEg==}
    engines: {node: '>=14.21.3'}
    cpu: [x64]
    os: [linux]

  '@biomejs/cli-linux-x64@2.3.5':
    resolution: {integrity: sha512-XrIVi9YAW6ye0CGQ+yax0gLfx+BFOtKaNX74n+xHWla6Cl6huUmcKNO7HPx7BiKnJUzrxXY1qYlm7xMvi08X4g==}
    engines: {node: '>=14.21.3'}
    cpu: [x64]
    os: [linux]

  '@biomejs/cli-win32-arm64@2.3.5':
    resolution: {integrity: sha512-DlBiMlBZZ9eIq4H7RimDSGsYcOtfOIfZOaI5CqsWiSlbTfqbPVfWtCf92wNzx8GNMbu1s7/g3ZZESr6+GwM/SA==}
    engines: {node: '>=14.21.3'}
    cpu: [arm64]
    os: [win32]

  '@biomejs/cli-win32-x64@2.3.5':
    resolution: {integrity: sha512-nUmR8gb6yvrKhtRgzwo/gDimPwnO5a4sCydf8ZS2kHIJhEmSmk+STsusr1LHTuM//wXppBawvSQi2xFXJCdgKQ==}
    engines: {node: '>=14.21.3'}
    cpu: [x64]
    os: [win32]

  '@emnapi/core@1.7.1':
    resolution: {integrity: sha512-o1uhUASyo921r2XtHYOHy7gdkGLge8ghBEQHMWmyJFoXlpU58kIrhhN3w26lpQb6dspetweapMn2CSNwQ8I4wg==}

  '@emnapi/runtime@1.7.1':
    resolution: {integrity: sha512-PVtJr5CmLwYAU9PZDMITZoR5iAOShYREoR45EyyLrbntV50mdePTgUn4AmOw90Ifcj+x2kRjdzr1HP3RrNiHGA==}

  '@emnapi/wasi-threads@1.1.0':
    resolution: {integrity: sha512-WI0DdZ8xFSbgMjR1sFsKABJ/C5OnRrjT06JXbZKexJGrDuPTzZdDYfFlsgcCXCyf+suG5QU2e/y1Wo2V/OapLQ==}

  '@inquirer/checkbox@1.5.2':
    resolution: {integrity: sha512-CifrkgQjDkUkWexmgYYNyB5603HhTHI91vLFeQXh6qrTKiCMVASol01Rs1cv6LP/A2WccZSRlJKZhbaBIs/9ZA==}
    engines: {node: '>=14.18.0'}

  '@inquirer/confirm@2.0.17':
    resolution: {integrity: sha512-EqzhGryzmGpy2aJf6LxJVhndxYmFs+m8cxXzf8nejb1DE3sabf6mUgBcp4J0jAUEiAcYzqmkqRr7LPFh/WdnXA==}
    engines: {node: '>=14.18.0'}

  '@inquirer/core@6.0.0':
    resolution: {integrity: sha512-fKi63Khkisgda3ohnskNf5uZJj+zXOaBvOllHsOkdsXRA/ubQLJQrZchFFi57NKbZzkTunXiBMdvWOv71alonw==}
    engines: {node: '>=14.18.0'}

  '@inquirer/editor@1.2.15':
    resolution: {integrity: sha512-gQ77Ls09x5vKLVNMH9q/7xvYPT6sIs5f7URksw+a2iJZ0j48tVS6crLqm2ugG33tgXHIwiEqkytY60Zyh5GkJQ==}
    engines: {node: '>=14.18.0'}

  '@inquirer/expand@1.1.16':
    resolution: {integrity: sha512-TGLU9egcuo+s7PxphKUCnJnpCIVY32/EwPCLLuu+gTvYiD8hZgx8Z2niNQD36sa6xcfpdLY6xXDBiL/+g1r2XQ==}
    engines: {node: '>=14.18.0'}

  '@inquirer/input@1.2.16':
    resolution: {integrity: sha512-Ou0LaSWvj1ni+egnyQ+NBtfM1885UwhRCMtsRt2bBO47DoC1dwtCa+ZUNgrxlnCHHF0IXsbQHYtIIjFGAavI4g==}
    engines: {node: '>=14.18.0'}

  '@inquirer/password@1.1.16':
    resolution: {integrity: sha512-aZYZVHLUXZ2gbBot+i+zOJrks1WaiI95lvZCn1sKfcw6MtSSlYC8uDX8sTzQvAsQ8epHoP84UNvAIT0KVGOGqw==}
    engines: {node: '>=14.18.0'}

  '@inquirer/prompts@3.3.2':
    resolution: {integrity: sha512-k52mOMRvTUejrqyF1h8Z07chC+sbaoaUYzzr1KrJXyj7yaX7Nrh0a9vktv8TuocRwIJOQMaj5oZEmkspEcJFYQ==}
    engines: {node: '>=14.18.0'}

  '@inquirer/rawlist@1.2.16':
    resolution: {integrity: sha512-pZ6TRg2qMwZAOZAV6TvghCtkr53dGnK29GMNQ3vMZXSNguvGqtOVc4j/h1T8kqGJFagjyfBZhUPGwNS55O5qPQ==}
    engines: {node: '>=14.18.0'}

  '@inquirer/select@1.3.3':
    resolution: {integrity: sha512-RzlRISXWqIKEf83FDC9ZtJ3JvuK1l7aGpretf41BCWYrvla2wU8W8MTRNMiPrPJ+1SIqrRC1nZdZ60hD9hRXLg==}
    engines: {node: '>=14.18.0'}

  '@inquirer/type@1.1.6':
    resolution: {integrity: sha512-OCKOpn0CrFDslR8s3who7hlr823zXTb1iShGCaaWgEJFfkIV0T9aLZV2QGnOuU78IrsPYLkr3oKx9dZwwCH3Rw==}
    engines: {node: '>=14.18.0'}

  '@jridgewell/gen-mapping@0.3.13':
    resolution: {integrity: sha512-2kkt/7niJ6MgEPxF0bYdQ6etZaA+fQvDcLKckhy1yIQOzaoKjBBjSj63/aLVjYE3qhRt5dvM+uUyfCg6UKCBbA==}

  '@jridgewell/resolve-uri@3.1.2':
    resolution: {integrity: sha512-bRISgCIjP20/tbWSPWMEi54QVPRZExkuD9lJL+UIxUKtwVJA8wW1Trb1jMs1RFXo1CBTNZ/5hpC9QvmKWdopKw==}
    engines: {node: '>=6.0.0'}

  '@jridgewell/sourcemap-codec@1.5.5':
    resolution: {integrity: sha512-cYQ9310grqxueWbl+WuIUIaiUaDcj7WOq5fVhEljNVgRfOUhY9fy2zTvfoqWsnebh8Sl70VScFbICvJnLKB0Og==}

  '@jridgewell/trace-mapping@0.3.30':
    resolution: {integrity: sha512-GQ7Nw5G2lTu/BtHTKfXhKHok2WGetd4XYcVKGx00SjAk8GMwgJM3zr6zORiPGuOE+/vkc90KtTosSSvaCjKb2Q==}

  '@napi-rs/wasm-runtime@1.0.7':
    resolution: {integrity: sha512-SeDnOO0Tk7Okiq6DbXmmBODgOAb9dp9gjlphokTUxmt8U3liIP1ZsozBahH69j/RJv+Rfs6IwUKHTgQYJ/HBAw==}

  '@oxc-project/types@0.97.0':
    resolution: {integrity: sha512-lxmZK4xFrdvU0yZiDwgVQTCvh2gHWBJCBk5ALsrtsBWhs0uDIi+FTOnXRQeQfs304imdvTdaakT/lqwQ8hkOXQ==}

  '@quansync/fs@0.1.5':
    resolution: {integrity: sha512-lNS9hL2aS2NZgNW7BBj+6EBl4rOf8l+tQ0eRY6JWCI8jI2kc53gSoqbjojU0OnAWhzoXiOjFyGsHcDGePB3lhA==}

  '@rolldown/binding-android-arm64@1.0.0-beta.50':
    resolution: {integrity: sha512-XlEkrOIHLyGT3avOgzfTFSjG+f+dZMw+/qd+Y3HLN86wlndrB/gSimrJCk4gOhr1XtRtEKfszpadI3Md4Z4/Ag==}
    engines: {node: ^20.19.0 || >=22.12.0}
    cpu: [arm64]
    os: [android]

  '@rolldown/binding-darwin-arm64@1.0.0-beta.50':
    resolution: {integrity: sha512-+JRqKJhoFlt5r9q+DecAGPLZ5PxeLva+wCMtAuoFMWPoZzgcYrr599KQ+Ix0jwll4B4HGP43avu9My8KtSOR+w==}
    engines: {node: ^20.19.0 || >=22.12.0}
    cpu: [arm64]
    os: [darwin]

  '@rolldown/binding-darwin-x64@1.0.0-beta.50':
    resolution: {integrity: sha512-fFXDjXnuX7/gQZQm/1FoivVtRcyAzdjSik7Eo+9iwPQ9EgtA5/nB2+jmbzaKtMGG3q+BnZbdKHCtOacmNrkIDA==}
    engines: {node: ^20.19.0 || >=22.12.0}
    cpu: [x64]
    os: [darwin]

  '@rolldown/binding-freebsd-x64@1.0.0-beta.50':
    resolution: {integrity: sha512-F1b6vARy49tjmT/hbloplzgJS7GIvwWZqt+tAHEstCh0JIh9sa8FAMVqEmYxDviqKBaAI8iVvUREm/Kh/PD26Q==}
    engines: {node: ^20.19.0 || >=22.12.0}
    cpu: [x64]
    os: [freebsd]

  '@rolldown/binding-linux-arm-gnueabihf@1.0.0-beta.50':
    resolution: {integrity: sha512-U6cR76N8T8M6lHj7EZrQ3xunLPxSvYYxA8vJsBKZiFZkT8YV4kjgCO3KwMJL0NOjQCPGKyiXO07U+KmJzdPGRw==}
    engines: {node: ^20.19.0 || >=22.12.0}
    cpu: [arm]
    os: [linux]

  '@rolldown/binding-linux-arm64-gnu@1.0.0-beta.50':
    resolution: {integrity: sha512-ONgyjofCrrE3bnh5GZb8EINSFyR/hmwTzZ7oVuyUB170lboza1VMCnb8jgE6MsyyRgHYmN8Lb59i3NKGrxrYjw==}
    engines: {node: ^20.19.0 || >=22.12.0}
    cpu: [arm64]
    os: [linux]

  '@rolldown/binding-linux-arm64-musl@1.0.0-beta.50':
    resolution: {integrity: sha512-L0zRdH2oDPkmB+wvuTl+dJbXCsx62SkqcEqdM+79LOcB+PxbAxxjzHU14BuZIQdXcAVDzfpMfaHWzZuwhhBTcw==}
    engines: {node: ^20.19.0 || >=22.12.0}
    cpu: [arm64]
    os: [linux]

  '@rolldown/binding-linux-x64-gnu@1.0.0-beta.50':
    resolution: {integrity: sha512-gyoI8o/TGpQd3OzkJnh1M2kxy1Bisg8qJ5Gci0sXm9yLFzEXIFdtc4EAzepxGvrT2ri99ar5rdsmNG0zP0SbIg==}
    engines: {node: ^20.19.0 || >=22.12.0}
    cpu: [x64]
    os: [linux]

  '@rolldown/binding-linux-x64-musl@1.0.0-beta.50':
    resolution: {integrity: sha512-zti8A7M+xFDpKlghpcCAzyOi+e5nfUl3QhU023ce5NCgUxRG5zGP2GR9LTydQ1rnIPwZUVBWd4o7NjZDaQxaXA==}
    engines: {node: ^20.19.0 || >=22.12.0}
    cpu: [x64]
    os: [linux]

  '@rolldown/binding-openharmony-arm64@1.0.0-beta.50':
    resolution: {integrity: sha512-eZUssog7qljrrRU9Mi0eqYEPm3Ch0UwB+qlWPMKSUXHNqhm3TvDZarJQdTevGEfu3EHAXJvBIe0YFYr0TPVaMA==}
    engines: {node: ^20.19.0 || >=22.12.0}
    cpu: [arm64]
    os: [openharmony]

  '@rolldown/binding-wasm32-wasi@1.0.0-beta.50':
    resolution: {integrity: sha512-nmCN0nIdeUnmgeDXiQ+2HU6FT162o+rxnF7WMkBm4M5Ds8qTU7Dzv2Wrf22bo4ftnlrb2hKK6FSwAJSAe2FWLg==}
    engines: {node: '>=14.0.0'}
    cpu: [wasm32]

  '@rolldown/binding-win32-arm64-msvc@1.0.0-beta.50':
    resolution: {integrity: sha512-7kcNLi7Ua59JTTLvbe1dYb028QEPaJPJQHqkmSZ5q3tJueUeb6yjRtx8mw4uIqgWZcnQHAR3PrLN4XRJxvgIkA==}
    engines: {node: ^20.19.0 || >=22.12.0}
    cpu: [arm64]
    os: [win32]

  '@rolldown/binding-win32-ia32-msvc@1.0.0-beta.50':
    resolution: {integrity: sha512-lL70VTNvSCdSZkDPPVMwWn/M2yQiYvSoXw9hTLgdIWdUfC3g72UaruezusR6ceRuwHCY1Ayu2LtKqXkBO5LIwg==}
    engines: {node: ^20.19.0 || >=22.12.0}
    cpu: [ia32]
    os: [win32]

  '@rolldown/binding-win32-x64-msvc@1.0.0-beta.50':
    resolution: {integrity: sha512-4qU4x5DXWB4JPjyTne/wBNPqkbQU8J45bl21geERBKtEittleonioACBL1R0PsBu0Aq21SwMK5a9zdBkWSlQtQ==}
    engines: {node: ^20.19.0 || >=22.12.0}
    cpu: [x64]
    os: [win32]

  '@rolldown/pluginutils@1.0.0-beta.50':
    resolution: {integrity: sha512-5e76wQiQVeL1ICOZVUg4LSOVYg9jyhGCin+icYozhsUzM+fHE7kddi1bdiE0jwVqTfkjba3jUFbEkoC9WkdvyA==}

  '@tybys/wasm-util@0.10.1':
    resolution: {integrity: sha512-9tTaPJLSiejZKx+Bmog4uSubteqTvFrVrURwkmHixBo0G4seD0zUxp98E1DzUBJxLQ3NPwXrGKDiVjwx/DpPsg==}

  '@types/mute-stream@0.0.4':
    resolution: {integrity: sha512-CPM9nzrCPPJHQNA9keH9CVkVI+WR5kMa+7XEs5jcGQ0VoAGnLv242w8lIVgwAEfmE4oufJRaTc9PNLQl0ioAow==}

  '@types/node@20.11.16':
    resolution: {integrity: sha512-gKb0enTmRCzXSSUJDq6/sPcqrfCv2mkkG6Jt/clpn5eiCbKTY+SgZUxo+p8ZKMof5dCp9vHQUAB7wOUTod22wQ==}

  '@types/semver@7.7.0':
    resolution: {integrity: sha512-k107IF4+Xr7UHjwDc7Cfd6PRQfbdkiRabXGRjo07b4WyPahFBZCZ1sE+BNxYIJPPg73UkfOsVOLwqVc/6ETrIA==}

  '@types/wrap-ansi@3.0.0':
    resolution: {integrity: sha512-ltIpx+kM7g/MLRZfkbL7EsCEjfzCcScLpkg37eXEtx5kmrAKBkTJwd1GIAjDSL8wTpM6Hzn5YO4pSb91BEwu1g==}

  ansi-escapes@4.3.2:
    resolution: {integrity: sha512-gKXj5ALrKWQLsYG9jlTRmR/xKluxHV+Z9QEwNIgCfM1/uwPMCuzVVnh5mwTd+OuBZcwSIMbqssNWRm1lE51QaQ==}
    engines: {node: '>=8'}

  ansi-regex@5.0.1:
    resolution: {integrity: sha512-quJQXlTSUGL2LH9SUXo8VwsY4soanhgo6LNSm84E1LBcE8s3O0wpdiRzyR9z/ZZJMlMWv37qOOb9pdJlMUEKFQ==}
    engines: {node: '>=8'}

  ansi-styles@4.3.0:
    resolution: {integrity: sha512-zbB9rCJAT1rbjiVDb2hqKFHNYLxgtk8NURxZ3IZwD3F6NtxbXZQCnnSi1Lkx+IDohdPlFp222wVALIheZJQSEg==}
    engines: {node: '>=8'}

  ansis@4.1.0:
    resolution: {integrity: sha512-BGcItUBWSMRgOCe+SVZJ+S7yTRG0eGt9cXAHev72yuGcY23hnLA7Bky5L/xLyPINoSN95geovfBkqoTlNZYa7w==}
    engines: {node: '>=14'}

  ast-kit@2.1.2:
    resolution: {integrity: sha512-cl76xfBQM6pztbrFWRnxbrDm9EOqDr1BF6+qQnnDZG2Co2LjyUktkN9GTJfBAfdae+DbT2nJf2nCGAdDDN7W2g==}
    engines: {node: '>=20.18.0'}

  birpc@2.5.0:
    resolution: {integrity: sha512-VSWO/W6nNQdyP520F1mhf+Lc2f8pjGQOtoHHm7Ze8Go1kX7akpVIrtTa0fn+HB0QJEDVacl6aO08YE0PgXfdnQ==}

  cac@6.7.14:
    resolution: {integrity: sha512-b6Ilus+c3RrdDk+JhLKUAQfzzgLEPy6wcXqS7f/xe1EETvsDP6GORG7SFuOs6cID5YkqchW/LXZbX5bc8j7ZcQ==}
    engines: {node: '>=8'}

  chalk@4.1.2:
    resolution: {integrity: sha512-oKnbhFyRIXpUuez8iBMmyEa4nbj4IOQyuhc/wy9kY7/WVPcwIO9VA668Pu8RkO7+0G76SLROeyw9CpQ061i4mA==}
    engines: {node: '>=10'}

  chardet@0.7.0:
    resolution: {integrity: sha512-mT8iDcrh03qDGRRmoA2hmBJnxpllMR+0/0qlzjqZES6NdiWDcZkCNAk4rPFZ9Q85r27unkiNNg8ZOiwZXBHwcA==}

  chokidar@4.0.3:
    resolution: {integrity: sha512-Qgzu8kfBvo+cA4962jnP1KkS6Dop5NS6g7R5LFYJr4b8Ub94PPQXUksCw9PvXoeXPRRddRNC5C1JQUR2SMGtnA==}
    engines: {node: '>= 14.16.0'}

  cli-spinners@2.9.2:
    resolution: {integrity: sha512-ywqV+5MmyL4E7ybXgKys4DugZbX0FC6LnwrhjuykIjnK9k8OQacQ7axGKnjDXWNhns0xot3bZI5h55H8yo9cJg==}
    engines: {node: '>=6'}

  cli-width@4.1.0:
    resolution: {integrity: sha512-ouuZd4/dm2Sw5Gmqy6bGyNNNe1qt9RpmxveLSO7KcgsTnU7RXfsw+/bukWGo1abgBiMAic068rclZsO4IWmmxQ==}
    engines: {node: '>= 12'}

  color-convert@2.0.1:
    resolution: {integrity: sha512-RRECPsj7iu/xb5oKYcsFHSppFNnsj/52OVTRKb4zP5onXwVF3zVmmToNcOfGC+CRDpfK/U584fMg38ZHCaElKQ==}
    engines: {node: '>=7.0.0'}

  color-name@1.1.4:
    resolution: {integrity: sha512-dOy+3AuW3a2wNbZHIuMZpTcgjGuLU/uBL/ubcZF9OXbDo8ff4O8yVp5Bf0efS8uEoYo5q4Fx7dY9OgQGXgAsQA==}

  commander@11.1.0:
    resolution: {integrity: sha512-yPVavfyCcRhmorC7rWlkHn15b4wDVgVmBA7kV4QVBsF7kv/9TKJAbAXVTxvTnwP8HHKjRCJDClKbciiYS7p0DQ==}
    engines: {node: '>=16'}

  debug@4.4.1:
    resolution: {integrity: sha512-KcKCqiftBJcZr++7ykoDIEwSa3XWowTfNPo92BYxjXiyYEVrUQh2aLyhxBCwww+heortUFxEJYcRzosstTEBYQ==}
    engines: {node: '>=6.0'}
    peerDependencies:
      supports-color: '*'
    peerDependenciesMeta:
      supports-color:
        optional: true

  defu@6.1.4:
    resolution: {integrity: sha512-mEQCMmwJu317oSz8CwdIOdwf3xMif1ttiM8LTufzc3g6kR+9Pe236twL8j3IYT1F7GfRgGcW6MWxzZjLIkuHIg==}

  diff@8.0.2:
    resolution: {integrity: sha512-sSuxWU5j5SR9QQji/o2qMvqRNYRDOcBTgsJ/DeCf4iSN4gW+gNMXM7wFIP+fdXZxoNiAnHUTGjCr+TSWXdRDKg==}
    engines: {node: '>=0.3.1'}

  dts-resolver@2.1.1:
    resolution: {integrity: sha512-3BiGFhB6mj5Kv+W2vdJseQUYW+SKVzAFJL6YNP6ursbrwy1fXHRotfHi3xLNxe4wZl/K8qbAFeCDjZLjzqxxRw==}
    engines: {node: '>=20.18.0'}
    peerDependencies:
      oxc-resolver: '>=11.0.0'
    peerDependenciesMeta:
      oxc-resolver:
        optional: true

  emoji-regex@8.0.0:
    resolution: {integrity: sha512-MSjYzcWNOA0ewAHpz0MxpYFvwg6yjy1NG3xteoqz644VCo/RPgnr1/GGt+ic3iJTzQ8Eu3TdM14SawnVUmGE6A==}

  empathic@2.0.0:
    resolution: {integrity: sha512-i6UzDscO/XfAcNYD75CfICkmfLedpyPDdozrLMmQc5ORaQcdMoc21OnlEylMIqI7U8eniKrPMxxtj8k0vhmJhA==}
    engines: {node: '>=14'}

  escape-string-regexp@1.0.5:
    resolution: {integrity: sha512-vbRorB5FUQWvla16U8R/qgaFIya2qGzwDrNmCZuYKrbdSUMG6I1ZCGQRefkRVhuOkIGVne7BQ35DSfo1qvJqFg==}
    engines: {node: '>=0.8.0'}

  external-editor@3.1.0:
    resolution: {integrity: sha512-hMQ4CX1p1izmuLYyZqLMO/qGNw10wSv9QDCPfzXfyFrOaCSSoRfqE1Kf1s5an66J5JZC62NewG+mK49jOCtQew==}
    engines: {node: '>=4'}

  fdir@6.5.0:
    resolution: {integrity: sha512-tIbYtZbucOs0BRGqPJkshJUYdL+SDH7dVM8gjy+ERp3WAUjLEFJE+02kanyHtwjWOnwrKYBiwAmM0p4kLJAnXg==}
    engines: {node: '>=12.0.0'}
    peerDependencies:
      picomatch: ^3 || ^4
    peerDependenciesMeta:
      picomatch:
        optional: true

  figures@3.2.0:
    resolution: {integrity: sha512-yaduQFRKLXYOGgEn6AZau90j3ggSOyiqXU0F9JZfeXYhNa+Jk4X+s45A2zg5jns87GAFa34BBm2kXw4XpNcbdg==}
    engines: {node: '>=8'}

  get-tsconfig@4.10.1:
    resolution: {integrity: sha512-auHyJ4AgMz7vgS8Hp3N6HXSmlMdUyhSUrfBF16w153rxtLIEOE+HGqaBppczZvnHLqQJfiHotCYpNhl0lUROFQ==}

  handlebars@4.7.8:
    resolution: {integrity: sha512-vafaFqs8MZkRrSX7sFVUdo3ap/eNiLnb4IakshzvP56X5Nr1iGKAIqdX6tMlm6HcNRIkr6AxO5jFEoJzzpT8aQ==}
    engines: {node: '>=0.4.7'}
    hasBin: true

  has-flag@4.0.0:
    resolution: {integrity: sha512-EykJT/Q1KjTWctppgIAgfSO0tKVuZUjhgMr17kqTumMl6Afv3EISleU7qZUzoXDFTAHTDC4NOoG/ZxU3EvlMPQ==}
    engines: {node: '>=8'}

  hookable@5.5.3:
    resolution: {integrity: sha512-Yc+BQe8SvoXH1643Qez1zqLRmbA5rCL+sSmk6TVos0LWVfNIB7PGncdlId77WzLGSIB5KaWgTaNTs2lNVEI6VQ==}

  iconv-lite@0.4.24:
    resolution: {integrity: sha512-v3MXnZAcvnywkTUEZomIActle7RXXeedOR31wwl7VlyoXO4Qi9arvSenNQWne1TcRwhCL1HwLI21bEqdpj8/rA==}
    engines: {node: '>=0.10.0'}

  is-fullwidth-code-point@3.0.0:
    resolution: {integrity: sha512-zymm5+u+sCsSWyD9qNaejV3DFvhCKclKdizYaJUuHA83RLjb7nSuGnddCHGv0hk+KY7BMAlsWeK4Ueg6EV6XQg==}
    engines: {node: '>=8'}

  jiti@2.5.1:
    resolution: {integrity: sha512-twQoecYPiVA5K/h6SxtORw/Bs3ar+mLUtoPSc7iMXzQzK8d7eJ/R09wmTwAjiamETn1cXYPGfNnu7DMoHgu12w==}
    hasBin: true

  jsesc@3.0.2:
    resolution: {integrity: sha512-xKqzzWXDttJuOcawBt4KnKHHIf5oQ/Cxax+0PWFG+DFDgHNAdi+TXECADI+RYiFUMmx8792xsMbbgXj4CwnP4g==}
    engines: {node: '>=6'}
    hasBin: true

  just-kebab-case@4.2.0:
    resolution: {integrity: sha512-p2BdO7o4BI+pMun3J+dhaOfYan5JsZrw9wjshRjkWY9+p+u+kKSMhNWYnot2yHDR9CSahZ9iT3dcqJ+V72qHMw==}

  kleur@4.1.5:
    resolution: {integrity: sha512-o+NO+8WrRiQEE4/7nwRJhN1HWpVmJm511pBHUxPLtp0BUISzlBplORYSmTclCnJvQq2tKu/sgl3xVpkc7ZWuQQ==}
    engines: {node: '>=6'}

  loogu@0.4.0:
    resolution: {integrity: sha512-OpzBu9dxIY/IVupRxPx+e7iVQS2vMjgwFESyBJdYbuiQPRmEK6/b0nHKZ0Cxm4sPF1k+L359n1CR4YZA6ukMdA==}

  minimist@1.2.8:
    resolution: {integrity: sha512-2yyAR8qBkN3YuheJanUpWC5U3bb5osDywNB8RzDVlDwDHbocAJveqqj1u8+SVD7jkWT4yvsHCpWqqWqAxb0zCA==}

  ms@2.1.3:
    resolution: {integrity: sha512-6FlzubTLZG3J2a/NVCAleEhjzq5oxgHyaCU9yYXvcLsvoVaHJq/s5xXI6/XXP6tz7R9xAOtHnSO/tXtF3WRTlA==}

  mute-stream@1.0.0:
    resolution: {integrity: sha512-avsJQhyd+680gKXyG/sQc0nXaC6rBkPOfyHYcFb9+hdkqQkR9bdnkJ0AMZhke0oesPqIO+mFFJ+IdBc7mst4IA==}
    engines: {node: ^14.17.0 || ^16.13.0 || >=18.0.0}

  neo-async@2.6.2:
    resolution: {integrity: sha512-Yd3UES5mWCSqR+qNT93S3UoYUkqAZ9lLg8a7g9rimsWmYGK8cVToA4/sF3RrshdyV3sAGMXVUmpMYOw+dLpOuw==}

  os-tmpdir@1.0.2:
    resolution: {integrity: sha512-D2FR03Vir7FIu45XBY20mTb+/ZSWB00sjU9jdQXt83gDrI4Ztz5Fs7/yy74g2N5SVQY4xY1qDr4rNddwYRVX0g==}
    engines: {node: '>=0.10.0'}

  pathe@2.0.3:
    resolution: {integrity: sha512-WUjGcAqP1gQacoQe+OBJsFA7Ld4DyXuUIjZ5cc75cLHvJ7dtNsTugphxIADwspS+AraAUePCKrSVtPLFj/F88w==}

  picocolors@1.0.0:
    resolution: {integrity: sha512-1fygroTLlHu66zi26VoTDv8yRgm0Fccecssto+MhsZ0D/DGW2sm8E8AjW7NU5VVTRt5GxbeZ5qBuJr+HyLYkjQ==}

  picomatch@4.0.3:
    resolution: {integrity: sha512-5gTmgEY/sqK6gFXLIsQNH19lWb4ebPDLA4SdLP7dsWkIXHWlG66oPuVvXSGFPppYZz8ZDZq0dYYrbHfBCVUb1Q==}
    engines: {node: '>=12'}

  prettier@3.3.0:
    resolution: {integrity: sha512-J9odKxERhCQ10OC2yb93583f6UnYutOeiV5i0zEDS7UGTdUt0u+y8erxl3lBKvwo/JHyyoEdXjwp4dke9oyZ/g==}
    engines: {node: '>=14'}
    hasBin: true

  progress@2.0.3:
    resolution: {integrity: sha512-7PiHtLll5LdnKIMw100I+8xJXR5gW2QwWYkT6iJva0bXitZKa/XMrSbdmg3r2Xnaidz9Qumd0VPaMrZlF9V9sA==}
    engines: {node: '>=0.4.0'}

  quansync@0.2.11:
    resolution: {integrity: sha512-AifT7QEbW9Nri4tAwR5M/uzpBuqfZf+zwaEM/QkzEjj7NBuFD2rBuy0K3dE+8wltbezDV7JMA0WfnCPYRSYbXA==}

  readdirp@4.1.2:
    resolution: {integrity: sha512-GDhwkLfywWL2s6vEjyhri+eXmfH6j1L7JE27WhqLeYzoh/A3DBaYGEj2H/HFZCn/kMfim73FXxEJTw06WtxQwg==}
    engines: {node: '>= 14.18.0'}

  resolve-pkg-maps@1.0.0:
    resolution: {integrity: sha512-seS2Tj26TBVOC2NIc2rOe2y2ZO7efxITtLZcGSOnHHNOQ7CkiUBfw0Iw2ck6xkIhPwLhKNLS8BO+hEpngQlqzw==}

  rolldown-plugin-dts@0.15.6:
    resolution: {integrity: sha512-AxQlyx3Nszob5QLmVUjz/VnC5BevtUo0h8tliuE0egddss7IbtCBU7GOe7biRU0fJNRQJmQjPKXFcc7K98j3+w==}
    engines: {node: '>=20.18.0'}
    peerDependencies:
      '@typescript/native-preview': '>=7.0.0-dev.20250601.1'
      rolldown: ^1.0.0-beta.9
      typescript: ^5.0.0
      vue-tsc: ~3.0.3
    peerDependenciesMeta:
      '@typescript/native-preview':
        optional: true
      typescript:
        optional: true
      vue-tsc:
        optional: true

  rolldown@1.0.0-beta.50:
    resolution: {integrity: sha512-JFULvCNl/anKn99eKjOSEubi0lLmNqQDAjyEMME2T4CwezUDL0i6t1O9xZsu2OMehPnV2caNefWpGF+8TnzB6A==}
    engines: {node: ^20.19.0 || >=22.12.0}
    hasBin: true

  run-async@3.0.0:
    resolution: {integrity: sha512-540WwVDOMxA6dN6We19EcT9sc3hkXPw5mzRNGM3FkdN/vtE9NFvj5lFAPNwUDmJjXidm3v7TC1cTE7t17Ulm1Q==}
    engines: {node: '>=0.12.0'}

  safer-buffer@2.1.2:
    resolution: {integrity: sha512-YZo3K82SD7Riyi0E1EQPojLz7kpepnSQI9IyPbHHg1XXXevb5dJI7tpyN2ADxGcQbHG7vcyRHk0cbwqcQriUtg==}

  semver@7.6.2:
    resolution: {integrity: sha512-FNAIBWCx9qcRhoHcgcJ0gvU7SN1lYU2ZXuSfl04bSC5OpvDHFyJCjdNHomPXxjQlCBU67YW64PzY7/VIEH7F2w==}
    engines: {node: '>=10'}
    hasBin: true

  semver@7.7.2:
    resolution: {integrity: sha512-RF0Fw+rO5AMf9MAyaRXI4AV0Ulj5lMHqVxxdSgiVbixSCXoEmmX/jk0CuJw4+3SqroYO9VoUh+HcuJivvtJemA==}
    engines: {node: '>=10'}
    hasBin: true

  signal-exit@4.1.0:
    resolution: {integrity: sha512-bzyZ1e88w9O1iNJbKnOlvYTrWPDl46O1bG0D3XInv+9tkPrxrN8jUUTiFlDkkmKWgn1M6CfIA13SuGqOa9Korw==}
    engines: {node: '>=14'}

  source-map@0.6.1:
    resolution: {integrity: sha512-UjgapumWlbMhkBgzT7Ykc5YXUT46F0iKu8SGXq0bcwP5dz/h0Plj6enJqjz1Zbq2l5WaqYnrVbwWOWMyF3F47g==}
    engines: {node: '>=0.10.0'}

  string-width@4.2.3:
    resolution: {integrity: sha512-wKyQRQpjJ0sIp62ErSZdGsjMJWsap5oRNihHhu6G7JVO/9jIB6UyevL+tXuOqrng8j/cxKTWyWUwvSTriiZz/g==}
    engines: {node: '>=8'}

  strip-ansi@6.0.1:
    resolution: {integrity: sha512-Y38VPSHcqkFrCpFnQ9vuSXmquuv5oXOKpGeT6aGrr3o3Gc9AlVa6JBfUSOCnbxGGZF+/0ooI7KrPuUSztUdU5A==}
    engines: {node: '>=8'}

  supports-color@7.2.0:
    resolution: {integrity: sha512-qpCAvRl9stuOHveKsn7HncJRvv501qIacKzQlO/+Lwxc9+0q2wLyv4Dfvt80/DPn2pqOBsJdDiogXGR9+OvwRw==}
    engines: {node: '>=8'}

  tinyexec@1.0.1:
    resolution: {integrity: sha512-5uC6DDlmeqiOwCPmK9jMSdOuZTh8bU39Ys6yidB+UTt5hfZUPGAypSgFRiEp+jbi9qH40BLDvy85jIU88wKSqw==}

  tinyglobby@0.2.14:
    resolution: {integrity: sha512-tX5e7OM1HnYr2+a2C/4V0htOcSQcoSTH9KgJnVvNm5zm/cyEWKJ7j7YutsH9CxMdtOkkLFy2AHrMci9IM8IPZQ==}
    engines: {node: '>=12.0.0'}

  tmp@0.0.33:
    resolution: {integrity: sha512-jRCJlojKnZ3addtTOjdIqoRuPEKBvNXcGYqzO6zWZX8KfKEpnGY5jfggJQ3EjKuu8D4bJRr0y+cYJFmYbImXGw==}
    engines: {node: '>=0.6.0'}

  tree-kill@1.2.2:
    resolution: {integrity: sha512-L0Orpi8qGpRG//Nd+H90vFB+3iHnue1zSSGmNOOCh1GLJ7rUKVwV2HvijphGQS2UmhUZewS9VgvxYIdgr+fG1A==}
    hasBin: true

  tsdown@0.14.1:
    resolution: {integrity: sha512-/nBuFDKZeYln9hAxwWG5Cm55/823sNIVI693iVi0xRFHzf9OVUq4b/lx9PH1TErFr/IQ0kd2hutFbJIPM0XQWA==}
    engines: {node: '>=20.19.0'}
    hasBin: true
    peerDependencies:
      '@arethetypeswrong/core': ^0.18.1
      publint: ^0.3.0
      typescript: ^5.0.0
      unplugin-lightningcss: ^0.4.0
      unplugin-unused: ^0.5.0
    peerDependenciesMeta:
      '@arethetypeswrong/core':
        optional: true
      publint:
        optional: true
      typescript:
        optional: true
      unplugin-lightningcss:
        optional: true
      unplugin-unused:
        optional: true

  tslib@2.8.1:
    resolution: {integrity: sha512-oJFu94HQb+KVduSUQL7wnpmqnfmLsOA/nAh6b6EH0wCEoK0/mPeXU6c3wKDV83MkOuHPRHtSXKKU99IBazS/2w==}

  type-fest@0.21.3:
    resolution: {integrity: sha512-t0rzBq87m3fVcduHDUFhKmyyX+9eo6WQjZvf51Ea/M0Q7+T374Jp1aUiyUl0GKxp8M/OETVHSDvmkyPgvX+X2w==}
    engines: {node: '>=10'}

  typescript@5.9.2:
    resolution: {integrity: sha512-CWBzXQrc/qOkhidw1OzBTQuYRbfyxDXJMVJ1XNwUHGROVmuaeiEm3OslpZ1RV96d7SKKjZKrSJu3+t/xlw3R9A==}
    engines: {node: '>=14.17'}
    hasBin: true

  uglify-js@3.17.4:
    resolution: {integrity: sha512-T9q82TJI9e/C1TAxYvfb16xO120tMVFZrGA3f9/P4424DNu6ypK103y0GPFVa17yotwSyZW5iYXgjYHkGrJW/g==}
    engines: {node: '>=0.8.0'}
    hasBin: true

  unconfig@7.3.2:
    resolution: {integrity: sha512-nqG5NNL2wFVGZ0NA/aCFw0oJ2pxSf1lwg4Z5ill8wd7K4KX/rQbHlwbh+bjctXL5Ly1xtzHenHGOK0b+lG6JVg==}

  undici-types@5.26.5:
    resolution: {integrity: sha512-JlCMO+ehdEIKqlFxk6IfVoAUVmgz7cU7zD/h9XZ0qzeosSHmUJVOzSQvvYSYWXkFXC+IfLKSIffhv0sVZup6pA==}

  which-pm-runs@1.1.0:
    resolution: {integrity: sha512-n1brCuqClxfFfq/Rb0ICg9giSZqCS+pLtccdag6C2HyufBrh3fBOiy9nb6ggRMvWOVH5GrdJskj5iGTZNxd7SA==}
    engines: {node: '>=4'}

  wordwrap@1.0.0:
    resolution: {integrity: sha512-gvVzJFlPycKc5dZN4yPkP8w7Dc37BtP1yczEneOb4uq34pXZcvrtRTmWV8W+Ume+XCxKgbjM+nevkyFPMybd4Q==}

  wrap-ansi@6.2.0:
    resolution: {integrity: sha512-r6lPcBGxZXlIcymEu7InxDMhdW0KDxpLgoFLcguasxCaJ/SOIZwINatK9KY/tf+ZrlywOKU0UDj3ATXUBfxJXA==}
    engines: {node: '>=8'}

snapshots:

  '@babel/generator@7.28.3':
    dependencies:
      '@babel/parser': 7.28.3
      '@babel/types': 7.28.2
      '@jridgewell/gen-mapping': 0.3.13
      '@jridgewell/trace-mapping': 0.3.30
      jsesc: 3.0.2

  '@babel/helper-string-parser@7.27.1': {}

  '@babel/helper-validator-identifier@7.27.1': {}

  '@babel/parser@7.28.3':
    dependencies:
      '@babel/types': 7.28.2

  '@babel/types@7.28.2':
    dependencies:
      '@babel/helper-string-parser': 7.27.1
      '@babel/helper-validator-identifier': 7.27.1

  '@biomejs/biome@2.3.5':
    optionalDependencies:
      '@biomejs/cli-darwin-arm64': 2.3.5
      '@biomejs/cli-darwin-x64': 2.3.5
      '@biomejs/cli-linux-arm64': 2.3.5
      '@biomejs/cli-linux-arm64-musl': 2.3.5
      '@biomejs/cli-linux-x64': 2.3.5
      '@biomejs/cli-linux-x64-musl': 2.3.5
      '@biomejs/cli-win32-arm64': 2.3.5
      '@biomejs/cli-win32-x64': 2.3.5

  '@biomejs/cli-darwin-arm64@2.3.5':
    optional: true

  '@biomejs/cli-darwin-x64@2.3.5':
    optional: true

  '@biomejs/cli-linux-arm64-musl@2.3.5':
    optional: true

  '@biomejs/cli-linux-arm64@2.3.5':
    optional: true

  '@biomejs/cli-linux-x64-musl@2.3.5':
    optional: true

  '@biomejs/cli-linux-x64@2.3.5':
    optional: true

  '@biomejs/cli-win32-arm64@2.3.5':
    optional: true

  '@biomejs/cli-win32-x64@2.3.5':
    optional: true

  '@emnapi/core@1.7.1':
    dependencies:
      '@emnapi/wasi-threads': 1.1.0
      tslib: 2.8.1
    optional: true

  '@emnapi/runtime@1.7.1':
    dependencies:
      tslib: 2.8.1
    optional: true

  '@emnapi/wasi-threads@1.1.0':
    dependencies:
      tslib: 2.8.1
    optional: true

  '@inquirer/checkbox@1.5.2':
    dependencies:
      '@inquirer/core': 6.0.0
      '@inquirer/type': 1.1.6
      ansi-escapes: 4.3.2
      chalk: 4.1.2
      figures: 3.2.0

  '@inquirer/confirm@2.0.17':
    dependencies:
      '@inquirer/core': 6.0.0
      '@inquirer/type': 1.1.6
      chalk: 4.1.2

  '@inquirer/core@6.0.0':
    dependencies:
      '@inquirer/type': 1.1.6
      '@types/mute-stream': 0.0.4
      '@types/node': 20.11.16
      '@types/wrap-ansi': 3.0.0
      ansi-escapes: 4.3.2
      chalk: 4.1.2
      cli-spinners: 2.9.2
      cli-width: 4.1.0
      figures: 3.2.0
      mute-stream: 1.0.0
      run-async: 3.0.0
      signal-exit: 4.1.0
      strip-ansi: 6.0.1
      wrap-ansi: 6.2.0

  '@inquirer/editor@1.2.15':
    dependencies:
      '@inquirer/core': 6.0.0
      '@inquirer/type': 1.1.6
      chalk: 4.1.2
      external-editor: 3.1.0

  '@inquirer/expand@1.1.16':
    dependencies:
      '@inquirer/core': 6.0.0
      '@inquirer/type': 1.1.6
      chalk: 4.1.2
      figures: 3.2.0

  '@inquirer/input@1.2.16':
    dependencies:
      '@inquirer/core': 6.0.0
      '@inquirer/type': 1.1.6
      chalk: 4.1.2

  '@inquirer/password@1.1.16':
    dependencies:
      '@inquirer/core': 6.0.0
      '@inquirer/type': 1.1.6
      ansi-escapes: 4.3.2
      chalk: 4.1.2

  '@inquirer/prompts@3.3.2':
    dependencies:
      '@inquirer/checkbox': 1.5.2
      '@inquirer/confirm': 2.0.17
      '@inquirer/core': 6.0.0
      '@inquirer/editor': 1.2.15
      '@inquirer/expand': 1.1.16
      '@inquirer/input': 1.2.16
      '@inquirer/password': 1.1.16
      '@inquirer/rawlist': 1.2.16
      '@inquirer/select': 1.3.3

  '@inquirer/rawlist@1.2.16':
    dependencies:
      '@inquirer/core': 6.0.0
      '@inquirer/type': 1.1.6
      chalk: 4.1.2

  '@inquirer/select@1.3.3':
    dependencies:
      '@inquirer/core': 6.0.0
      '@inquirer/type': 1.1.6
      ansi-escapes: 4.3.2
      chalk: 4.1.2
      figures: 3.2.0

  '@inquirer/type@1.1.6': {}

  '@jridgewell/gen-mapping@0.3.13':
    dependencies:
      '@jridgewell/sourcemap-codec': 1.5.5
      '@jridgewell/trace-mapping': 0.3.30

  '@jridgewell/resolve-uri@3.1.2': {}

  '@jridgewell/sourcemap-codec@1.5.5': {}

  '@jridgewell/trace-mapping@0.3.30':
    dependencies:
      '@jridgewell/resolve-uri': 3.1.2
      '@jridgewell/sourcemap-codec': 1.5.5

  '@napi-rs/wasm-runtime@1.0.7':
    dependencies:
      '@emnapi/core': 1.7.1
      '@emnapi/runtime': 1.7.1
      '@tybys/wasm-util': 0.10.1
    optional: true

  '@oxc-project/types@0.97.0': {}

  '@quansync/fs@0.1.5':
    dependencies:
      quansync: 0.2.11

  '@rolldown/binding-android-arm64@1.0.0-beta.50':
    optional: true

  '@rolldown/binding-darwin-arm64@1.0.0-beta.50':
    optional: true

  '@rolldown/binding-darwin-x64@1.0.0-beta.50':
    optional: true

  '@rolldown/binding-freebsd-x64@1.0.0-beta.50':
    optional: true

  '@rolldown/binding-linux-arm-gnueabihf@1.0.0-beta.50':
    optional: true

  '@rolldown/binding-linux-arm64-gnu@1.0.0-beta.50':
    optional: true

  '@rolldown/binding-linux-arm64-musl@1.0.0-beta.50':
    optional: true

  '@rolldown/binding-linux-x64-gnu@1.0.0-beta.50':
    optional: true

  '@rolldown/binding-linux-x64-musl@1.0.0-beta.50':
    optional: true

  '@rolldown/binding-openharmony-arm64@1.0.0-beta.50':
    optional: true

  '@rolldown/binding-wasm32-wasi@1.0.0-beta.50':
    dependencies:
      '@napi-rs/wasm-runtime': 1.0.7
    optional: true

  '@rolldown/binding-win32-arm64-msvc@1.0.0-beta.50':
    optional: true

  '@rolldown/binding-win32-ia32-msvc@1.0.0-beta.50':
    optional: true

  '@rolldown/binding-win32-x64-msvc@1.0.0-beta.50':
    optional: true

  '@rolldown/pluginutils@1.0.0-beta.50': {}

  '@tybys/wasm-util@0.10.1':
    dependencies:
      tslib: 2.8.1
    optional: true

  '@types/mute-stream@0.0.4':
    dependencies:
      '@types/node': 20.11.16

  '@types/node@20.11.16':
    dependencies:
      undici-types: 5.26.5

  '@types/semver@7.7.0': {}

  '@types/wrap-ansi@3.0.0': {}

  ansi-escapes@4.3.2:
    dependencies:
      type-fest: 0.21.3

  ansi-regex@5.0.1: {}

  ansi-styles@4.3.0:
    dependencies:
      color-convert: 2.0.1

  ansis@4.1.0: {}

  ast-kit@2.1.2:
    dependencies:
      '@babel/parser': 7.28.3
      pathe: 2.0.3

  birpc@2.5.0: {}

  cac@6.7.14: {}

  chalk@4.1.2:
    dependencies:
      ansi-styles: 4.3.0
      supports-color: 7.2.0

  chardet@0.7.0: {}

  chokidar@4.0.3:
    dependencies:
      readdirp: 4.1.2

  cli-spinners@2.9.2: {}

  cli-width@4.1.0: {}

  color-convert@2.0.1:
    dependencies:
      color-name: 1.1.4

  color-name@1.1.4: {}

  commander@11.1.0: {}

  debug@4.4.1:
    dependencies:
      ms: 2.1.3

  defu@6.1.4: {}

  diff@8.0.2: {}

  dts-resolver@2.1.1: {}

  emoji-regex@8.0.0: {}

  empathic@2.0.0: {}

  escape-string-regexp@1.0.5: {}

  external-editor@3.1.0:
    dependencies:
      chardet: 0.7.0
      iconv-lite: 0.4.24
      tmp: 0.0.33

  fdir@6.5.0(picomatch@4.0.3):
    optionalDependencies:
      picomatch: 4.0.3

  figures@3.2.0:
    dependencies:
      escape-string-regexp: 1.0.5

  get-tsconfig@4.10.1:
    dependencies:
      resolve-pkg-maps: 1.0.0

  handlebars@4.7.8:
    dependencies:
      minimist: 1.2.8
      neo-async: 2.6.2
      source-map: 0.6.1
      wordwrap: 1.0.0
    optionalDependencies:
      uglify-js: 3.17.4

  has-flag@4.0.0: {}

  hookable@5.5.3: {}

  iconv-lite@0.4.24:
    dependencies:
      safer-buffer: 2.1.2

  is-fullwidth-code-point@3.0.0: {}

  jiti@2.5.1: {}

  jsesc@3.0.2: {}

  just-kebab-case@4.2.0: {}

  kleur@4.1.5: {}

  loogu@0.4.0:
    dependencies:
      picocolors: 1.0.0

  minimist@1.2.8: {}

  ms@2.1.3: {}

  mute-stream@1.0.0: {}

  neo-async@2.6.2: {}

  os-tmpdir@1.0.2: {}

  pathe@2.0.3: {}

  picocolors@1.0.0: {}

  picomatch@4.0.3: {}

  prettier@3.3.0: {}

  progress@2.0.3: {}

  quansync@0.2.11: {}

  readdirp@4.1.2: {}

  resolve-pkg-maps@1.0.0: {}

  rolldown-plugin-dts@0.15.6(rolldown@1.0.0-beta.50)(typescript@5.9.2):
    dependencies:
      '@babel/generator': 7.28.3
      '@babel/parser': 7.28.3
      '@babel/types': 7.28.2
      ast-kit: 2.1.2
      birpc: 2.5.0
      debug: 4.4.1
      dts-resolver: 2.1.1
      get-tsconfig: 4.10.1
      rolldown: 1.0.0-beta.50
    optionalDependencies:
      typescript: 5.9.2
    transitivePeerDependencies:
      - oxc-resolver
      - supports-color

  rolldown@1.0.0-beta.50:
    dependencies:
      '@oxc-project/types': 0.97.0
      '@rolldown/pluginutils': 1.0.0-beta.50
    optionalDependencies:
      '@rolldown/binding-android-arm64': 1.0.0-beta.50
      '@rolldown/binding-darwin-arm64': 1.0.0-beta.50
      '@rolldown/binding-darwin-x64': 1.0.0-beta.50
      '@rolldown/binding-freebsd-x64': 1.0.0-beta.50
      '@rolldown/binding-linux-arm-gnueabihf': 1.0.0-beta.50
      '@rolldown/binding-linux-arm64-gnu': 1.0.0-beta.50
      '@rolldown/binding-linux-arm64-musl': 1.0.0-beta.50
      '@rolldown/binding-linux-x64-gnu': 1.0.0-beta.50
      '@rolldown/binding-linux-x64-musl': 1.0.0-beta.50
      '@rolldown/binding-openharmony-arm64': 1.0.0-beta.50
      '@rolldown/binding-wasm32-wasi': 1.0.0-beta.50
      '@rolldown/binding-win32-arm64-msvc': 1.0.0-beta.50
      '@rolldown/binding-win32-ia32-msvc': 1.0.0-beta.50
      '@rolldown/binding-win32-x64-msvc': 1.0.0-beta.50

  run-async@3.0.0: {}

  safer-buffer@2.1.2: {}

  semver@7.6.2: {}

  semver@7.7.2: {}

  signal-exit@4.1.0: {}

  source-map@0.6.1: {}

  string-width@4.2.3:
    dependencies:
      emoji-regex: 8.0.0
      is-fullwidth-code-point: 3.0.0
      strip-ansi: 6.0.1

  strip-ansi@6.0.1:
    dependencies:
      ansi-regex: 5.0.1

  supports-color@7.2.0:
    dependencies:
      has-flag: 4.0.0

  tinyexec@1.0.1: {}

  tinyglobby@0.2.14:
    dependencies:
      fdir: 6.5.0(picomatch@4.0.3)
      picomatch: 4.0.3

  tmp@0.0.33:
    dependencies:
      os-tmpdir: 1.0.2

  tree-kill@1.2.2: {}

  tsdown@0.14.1(typescript@5.9.2):
    dependencies:
      ansis: 4.1.0
      cac: 6.7.14
      chokidar: 4.0.3
      debug: 4.4.1
      diff: 8.0.2
      empathic: 2.0.0
      hookable: 5.5.3
      rolldown: 1.0.0-beta.50
      rolldown-plugin-dts: 0.15.6(rolldown@1.0.0-beta.50)(typescript@5.9.2)
      semver: 7.7.2
      tinyexec: 1.0.1
      tinyglobby: 0.2.14
      tree-kill: 1.2.2
      unconfig: 7.3.2
    optionalDependencies:
      typescript: 5.9.2
    transitivePeerDependencies:
      - '@typescript/native-preview'
      - oxc-resolver
      - supports-color
      - vue-tsc

  tslib@2.8.1:
    optional: true

  type-fest@0.21.3: {}

  typescript@5.9.2: {}

  uglify-js@3.17.4:
    optional: true

  unconfig@7.3.2:
    dependencies:
      '@quansync/fs': 0.1.5
      defu: 6.1.4
      jiti: 2.5.1
      quansync: 0.2.11

  undici-types@5.26.5: {}

  which-pm-runs@1.1.0: {}

  wordwrap@1.0.0: {}

  wrap-ansi@6.2.0:
    dependencies:
      ansi-styles: 4.3.0
      string-width: 4.2.3
      strip-ansi: 6.0.1
